// !$*UTF8*$!
{
	archiveVersion = 1;
	classes = {
	};
	objectVersion = 50;
	objects = {

/* Begin PBXBuildFile section */
		1D236E3623D393DE00AEDAF2 /* AppDelegate.swift in Sources */ = {isa = PBXBuildFile; fileRef = 1D236E3523D393DE00AEDAF2 /* AppDelegate.swift */; };
		1D236E3823D393DE00AEDAF2 /* SceneDelegate.swift in Sources */ = {isa = PBXBuildFile; fileRef = 1D236E3723D393DE00AEDAF2 /* SceneDelegate.swift */; };
		1D236E3A23D393DE00AEDAF2 /* ContentView.swift in Sources */ = {isa = PBXBuildFile; fileRef = 1D236E3923D393DE00AEDAF2 /* ContentView.swift */; };
		1D236E3C23D393DF00AEDAF2 /* Assets.xcassets in Resources */ = {isa = PBXBuildFile; fileRef = 1D236E3B23D393DF00AEDAF2 /* Assets.xcassets */; };
		1D236E3F23D393DF00AEDAF2 /* Preview Assets.xcassets in Resources */ = {isa = PBXBuildFile; fileRef = 1D236E3E23D393DF00AEDAF2 /* Preview Assets.xcassets */; };
		1D236E4223D393DF00AEDAF2 /* LaunchScreen.storyboard in Resources */ = {isa = PBXBuildFile; fileRef = 1D236E4023D393DF00AEDAF2 /* LaunchScreen.storyboard */; };
/* End PBXBuildFile section */

/* Begin PBXFileReference section */
		1D236E3223D393DE00AEDAF2 /* SwiftUIEssentialsColor.app */ = {isa = PBXFileReference; explicitFileType = wrapper.application; includeInIndex = 0; path = SwiftUIEssentialsColor.app; sourceTree = BUILT_PRODUCTS_DIR; };
		1D236E3523D393DE00AEDAF2 /* AppDelegate.swift */ = {isa = PBXFileReference; lastKnownFileType = sourcecode.swift; path = AppDelegate.swift; sourceTree = "<group>"; };
		1D236E3723D393DE00AEDAF2 /* SceneDelegate.swift */ = {isa = PBXFileReference; lastKnownFileType = sourcecode.swift; path = SceneDelegate.swift; sourceTree = "<group>"; };
		1D236E3923D393DE00AEDAF2 /* ContentView.swift */ = {isa = PBXFileReference; lastKnownFileType = sourcecode.swift; path = ContentView.swift; sourceTree = "<group>"; };
		1D236E3B23D393DF00AEDAF2 /* Assets.xcassets */ = {isa = PBXFileReference; lastKnownFileType = folder.assetcatalog; path = Assets.xcassets; sourceTree = "<group>"; };
		1D236E3E23D393DF00AEDAF2 /* Preview Assets.xcassets */ = {isa = PBXFileReference; lastKnownFileType = folder.assetcatalog; path = "Preview Assets.xcassets"; sourceTree = "<group>"; };
		1D236E4123D393DF00AEDAF2 /* Base */ = {isa = PBXFileReference; lastKnownFileType = file.storyboard; name = Base; path = Base.lproj/LaunchScreen.storyboard; sourceTree = "<group>"; };
		1D236E4323D393DF00AEDAF2 /* Info.plist */ = {isa = PBXFileReference; lastKnownFileType = text.plist.xml; path = Info.plist; sourceTree = "<group>"; };
/* End PBXFileReference section */

/* Begin PBXFrameworksBuildPhase section */
		1D236E2F23D393DE00AEDAF2 /* Frameworks */ = {
			isa = PBXFrameworksBuildPhase;
			buildActionMask = 2147483647;
			files = (
			);
			runOnlyForDeploymentPostprocessing = 0;
		};
/* End PBXFrameworksBuildPhase section */

/* Begin PBXGroup section */
		1D236E2923D393DE00AEDAF2 = {
			isa = PBXGroup;
			children = (
				1D236E3423D393DE00AEDAF2 /* SwiftUIEssentialsColor */,
				1D236E3323D393DE00AEDAF2 /* Products */,
			);
			sourceTree = "<group>";
		};
		1D236E3323D393DE00AEDAF2 /* Products */ = {
			isa = PBXGroup;
			children = (
				1D236E3223D393DE00AEDAF2 /* SwiftUIEssentialsColor.app */,
			);
			name = Products;
			sourceTree = "<group>";
		};
		1D236E3423D393DE00AEDAF2 /* SwiftUIEssentialsColor */ = {
			isa = PBXGroup;
			children = (
				1D236E3523D393DE00AEDAF2 /* AppDelegate.swift */,
				1D236E3723D393DE00AEDAF2 /* SceneDelegate.swift */,
				1D236E3923D393DE00AEDAF2 /* ContentView.swift */,
				1D236E3B23D393DF00AEDAF2 /* Assets.xcassets */,
				1D236E4023D393DF00AEDAF2 /* LaunchScreen.storyboard */,
				1D236E4323D393DF00AEDAF2 /* Info.plist */,
				1D236E3D23D393DF00AEDAF2 /* Preview Content */,
			);
			path = SwiftUIEssentialsColor;
			sourceTree = "<group>";
		};
		1D236E3D23D393DF00AEDAF2 /* Preview Content */ = {
			isa = PBXGroup;
			children = (
				1D236E3E23D393DF00AEDAF2 /* Preview Assets.xcassets */,
			);
			path = "Preview Content";
			sourceTree = "<group>";
		};
/* End PBXGroup section */

/* Begin PBXNativeTarget section */
		1D236E3123D393DE00AEDAF2 /* SwiftUIEssentialsColor */ = {
			isa = PBXNativeTarget;
			buildConfigurationList = 1D236E4623D393DF00AEDAF2 /* Build configuration list for PBXNativeTarget "SwiftUIEssentialsColor" */;
			buildPhases = (
				1D236E2E23D393DE00AEDAF2 /* Sources */,
				1D236E2F23D393DE00AEDAF2 /* Frameworks */,
				1D236E3023D393DE00AEDAF2 /* Resources */,
			);
			buildRules = (
			);
			dependencies = (
			);
			name = SwiftUIEssentialsColor;
			productName = SwiftUIEssentialsColor;
			productReference = 1D236E3223D393DE00AEDAF2 /* SwiftUIEssentialsColor.app */;
			productType = "com.apple.product-type.application";
		};
/* End PBXNativeTarget section */

/* Begin PBXProject section */
		1D236E2A23D393DE00AEDAF2 /* Project object */ = {
			isa = PBXProject;
			attributes = {
				LastSwiftUpdateCheck = 1130;
				LastUpgradeCheck = 1130;
				ORGANIZATIONNAME = "Ramill Ibragimov";
				TargetAttributes = {
					1D236E3123D393DE00AEDAF2 = {
						CreatedOnToolsVersion = 11.3.1;
					};
				};
			};
			buildConfigurationList = 1D236E2D23D393DE00AEDAF2 /* Build configuration list for PBXProject "SwiftUIEssentialsColor" */;
			compatibilityVersion = "Xcode 9.3";
			developmentRegion = en;
			hasScannedForEncodings = 0;
			knownRegions = (
				en,
				Base,
			);
			mainGroup = 1D236E2923D393DE00AEDAF2;
			productRefGroup = 1D236E3323D393DE00AEDAF2 /* Products */;
			projectDirPath = "";
			projectRoot = "";
			targets = (
				1D236E3123D393DE00AEDAF2 /* SwiftUIEssentialsColor */,
			);
		};
/* End PBXProject section */

/* Begin PBXResourcesBuildPhase section */
		1D236E3023D393DE00AEDAF2 /* Resources */ = {
			isa = PBXResourcesBuildPhase;
			buildActionMask = 2147483647;
			files = (
				1D236E4223D393DF00AEDAF2 /* LaunchScreen.storyboard in Resources */,
				1D236E3F23D393DF00AEDAF2 /* Preview Assets.xcassets in Resources */,
				1D236E3C23D393DF00AEDAF2 /* Assets.xcassets in Resources */,
			);
			runOnlyForDeploymentPostprocessing = 0;
		};
/* End PBXResourcesBuildPhase section */

/* Begin PBXSourcesBuildPhase section */
		1D236E2E23D393DE00AEDAF2 /* Sources */ = {
			isa = PBXSourcesBuildPhase;
			buildActionMask = 2147483647;
			files = (
				1D236E3623D393DE00AEDAF2 /* AppDelegate.swift in Sources */,
				1D236E3823D393DE00AEDAF2 /* SceneDelegate.swift in Sources */,
				1D236E3A23D393DE00AEDAF2 /* ContentView.swift in Sources */,
			);
			runOnlyForDeploymentPostprocessing = 0;
		};
/* End PBXSourcesBuildPhase section */

/* Begin PBXVariantGroup section */
		1D236E4023D393DF00AEDAF2 /* LaunchScreen.storyboard */ = {
			isa = PBXVariantGroup;
			children = (
				1D236E4123D393DF00AEDAF2 /* Base */,
			);
			name = LaunchScreen.storyboard;
			sourceTree = "<group>";
		};
/* End PBXVariantGroup section */

/* Begin XCBuildConfiguration section */
		1D236E4423D393DF00AEDAF2 /* Debug */ = {
			isa = XCBuildConfiguration;
			buildSettings = {
				ALWAYS_SEARCH_USER_PATHS = NO;
				CLANG_ANALYZER_NONNULL = YES;
				CLANG_ANALYZER_NUMBER_OBJECT_CONVERSION = YES_AGGRESSIVE;
				CLANG_CXX_LANGUAGE_STANDARD = "gnu++14";
				CLANG_CXX_LIBRARY = "libc++";
				CLANG_ENABLE_MODULES = YES;
				CLANG_ENABLE_OBJC_ARC = YES;
				CLANG_ENABLE_OBJC_WEAK = YES;
				CLANG_WARN_BLOCK_CAPTURE_AUTORELEASING = YES;
				CLANG_WARN_BOOL_CONVERSION = YES;
				CLANG_WARN_COMMA = YES;
				CLANG_WARN_CONSTANT_CONVERSION = YES;
				CLANG_WARN_DEPRECATED_OBJC_IMPLEMENTATIONS = YES;
				CLANG_WARN_DIRECT_OBJC_ISA_USAGE = YES_ERROR;
				CLANG_WARN_DOCUMENTATION_COMMENTS = YES;
				CLANG_WARN_EMPTY_BODY = YES;
				CLANG_WARN_ENUM_CONVERSION = YES;
				CLANG_WARN_INFINITE_RECURSION = YES;
				CLANG_WARN_INT_CONVERSION = YES;
				CLANG_WARN_NON_LITERAL_NULL_CONVERSION = YES;
				CLANG_WARN_OBJC_IMPLICIT_RETAIN_SELF = YES;
				CLANG_WARN_OBJC_LITERAL_CONVERSION = YES;
				CLANG_WARN_OBJC_ROOT_CLASS = YES_ERROR;
				CLANG_WARN_RANGE_LOOP_ANALYSIS = YES;
				CLANG_WARN_STRICT_PROTOTYPES = YES;
				CLANG_WARN_SUSPICIOUS_MOVE = YES;
				CLANG_WARN_UNGUARDED_AVAILABILITY = YES_AGGRESSIVE;
				CLANG_WARN_UNREACHABLE_CODE = YES;
				CLANG_WARN__DUPLICATE_METHOD_MATCH = YES;
				COPY_PHASE_STRIP = NO;
				DEBUG_INFORMATION_FORMAT = dwarf;
				ENABLE_STRICT_OBJC_MSGSEND = YES;
				ENABLE_TESTABILITY = YES;
				GCC_C_LANGUAGE_STANDARD = gnu11;
				GCC_DYNAMIC_NO_PIC = NO;
				GCC_NO_COMMON_BLOCKS = YES;
				GCC_OPTIMIZATION_LEVEL = 0;
				GCC_PREPROCESSOR_DEFINITIONS = (
					"DEBUG=1",
					"$(inherited)",
				);
				GCC_WARN_64_TO_32_BIT_CONVERSION = YES;
				GCC_WARN_ABOUT_RETURN_TYPE = YES_ERROR;
				GCC_WARN_UNDECLARED_SELECTOR = YES;
				GCC_WARN_UNINITIALIZED_AUTOS = YES_AGGRESSIVE;
				GCC_WARN_UNUSED_FUNCTION = YES;
				GCC_WARN_UNUSED_VARIABLE = YES;
				IPHONEOS_DEPLOYMENT_TARGET = 13.2;
				MTL_ENABLE_DEBUG_INFO = INCLUDE_SOURCE;
				MTL_FAST_MATH = YES;
				ONLY_ACTIVE_ARCH = YES;
				SDKROOT = iphoneos;
				SWIFT_ACTIVE_COMPILATION_CONDITIONS = DEBUG;
				SWIFT_OPTIMIZATION_LEVEL = "-Onone";
			};
			name = Debug;
		};
		1D236E4523D393DF00AEDAF2 /* Release */ = {
			isa = XCBuildConfiguration;
			buildSettings = {
				ALWAYS_SEARCH_USER_PATHS = NO;
				CLANG_ANALYZER_NONNULL = YES;
				CLANG_ANALYZER_NUMBER_OBJECT_CONVERSION = YES_AGGRESSIVE;
				CLANG_CXX_LANGUAGE_STANDARD = "gnu++14";
				CLANG_CXX_LIBRARY = "libc++";
				CLANG_ENABLE_MODULES = YES;
				CLANG_ENABLE_OBJC_ARC = YES;
				CLANG_ENABLE_OBJC_WEAK = YES;
				CLANG_WARN_BLOCK_CAPTURE_AUTORELEASING = YES;
				CLANG_WARN_BOOL_CONVERSION = YES;
				CLANG_WARN_COMMA = YES;
				CLANG_WARN_CONSTANT_CONVERSION = YES;
				CLANG_WARN_DEPRECATED_OBJC_IMPLEMENTATIONS = YES;
				CLANG_WARN_DIRECT_OBJC_ISA_USAGE = YES_ERROR;
				CLANG_WARN_DOCUMENTATION_COMMENTS = YES;
				CLANG_WARN_EMPTY_BODY = YES;
				CLANG_WARN_ENUM_CONVERSION = YES;
				CLANG_WARN_INFINITE_RECURSION = YES;
				CLANG_WARN_INT_CONVERSION = YES;
				CLANG_WARN_NON_LITERAL_NULL_CONVERSION = YES;
				CLANG_WARN_OBJC_IMPLICIT_RETAIN_SELF = YES;
				CLANG_WARN_OBJC_LITERAL_CONVERSION = YES;
				CLANG_WARN_OBJC_ROOT_CLASS = YES_ERROR;
				CLANG_WARN_RANGE_LOOP_ANALYSIS = YES;
				CLANG_WARN_STRICT_PROTOTYPES = YES;
				CLANG_WARN_SUSPICIOUS_MOVE = YES;
				CLANG_WARN_UNGUARDED_AVAILABILITY = YES_AGGRESSIVE;
				CLANG_WARN_UNREACHABLE_CODE = YES;
				CLANG_WARN__DUPLICATE_METHOD_MATCH = YES;
				COPY_PHASE_STRIP = NO;
				DEBUG_INFORMATION_FORMAT = "dwarf-with-dsym";
				ENABLE_NS_ASSERTIONS = NO;
				ENABLE_STRICT_OBJC_MSGSEND = YES;
				GCC_C_LANGUAGE_STANDARD = gnu11;
				GCC_NO_COMMON_BLOCKS = YES;
				GCC_WARN_64_TO_32_BIT_CONVERSION = YES;
				GCC_WARN_ABOUT_RETURN_TYPE = YES_ERROR;
				GCC_WARN_UNDECLARED_SELECTOR = YES;
				GCC_WARN_UNINITIALIZED_AUTOS = YES_AGGRESSIVE;
				GCC_WARN_UNUSED_FUNCTION = YES;
				GCC_WARN_UNUSED_VARIABLE = YES;
				IPHONEOS_DEPLOYMENT_TARGET = 13.2;
				MTL_ENABLE_DEBUG_INFO = NO;
				MTL_FAST_MATH = YES;
				SDKROOT = iphoneos;
				SWIFT_COMPILATION_MODE = wholemodule;
				SWIFT_OPTIMIZATION_LEVEL = "-O";
				VALIDATE_PRODUCT = YES;
			};
			name = Release;
		};
		1D236E4723D393DF00AEDAF2 /* Debug */ = {
			isa = XCBuildConfiguration;
			buildSettings = {
				ASSETCATALOG_COMPILER_APPICON_NAME = AppIcon;
				CODE_SIGN_STYLE = Automatic;
				DEVELOPMENT_ASSET_PATHS = "\"SwiftUIEssentialsColor/Preview Content\"";
				DEVELOPMENT_TEAM = L8W86DZDY2;
				ENABLE_PREVIEWS = YES;
				INFOPLIST_FILE = SwiftUIEssentialsColor/Info.plist;
				LD_RUNPATH_SEARCH_PATHS = (
					"$(inherited)",
					"@executable_path/Frameworks",
				);
				PRODUCT_BUNDLE_IDENTIFIER = com.ri.SwiftUIEssentialsColor;
				PRODUCT_NAME = "$(TARGET_NAME)";
				SWIFT_VERSION = 5.0;
				TARGETED_DEVICE_FAMILY = "1,2";
			};
			name = Debug;
		};
		1D236E4823D393DF00AEDAF2 /* Release */ = {
			isa = XCBuildConfiguration;
			buildSettings = {
				ASSETCATALOG_COMPILER_APPICON_NAME = AppIcon;
				CODE_SIGN_STYLE = Automatic;
				DEVELOPMENT_ASSET_PATHS = "\"SwiftUIEssentialsColor/Preview Content\"";
				DEVELOPMENT_TEAM = L8W86DZDY2;
				ENABLE_PREVIEWS = YES;
				INFOPLIST_FILE = SwiftUIEssentialsColor/Info.plist;
				LD_RUNPATH_SEARCH_PATHS = (
					"$(inherited)",
					"@executable_path/Frameworks",
				);
				PRODUCT_BUNDLE_IDENTIFIER = com.ri.SwiftUIEssentialsColor;
				PRODUCT_NAME = "$(TARGET_NAME)";
				SWIFT_VERSION = 5.0;
				TARGETED_DEVICE_FAMILY = "1,2";
			};
			name = Release;
		};
/* End XCBuildConfiguration section */

/* Begin XCConfigurationList section */
		1D236E2D23D393DE00AEDAF2 /* Build configuration list for PBXProject "SwiftUIEssentialsColor" */ = {
			isa = XCConfigurationList;
			buildConfigurations = (
				1D236E4423D393DF00AEDAF2 /* Debug */,
				1D236E4523D393DF00AEDAF2 /* Release */,
			);
			defaultConfigurationIsVisible = 0;
			defaultConfigurationName = Release;
		};
		1D236E4623D393DF00AEDAF2 /* Build configuration list for PBXNativeTarget "SwiftUIEssentialsColor" */ = {
			isa = XCConfigurationList;
			buildConfigurations = (
				1D236E4723D393DF00AEDAF2 /* Debug */,
				1D236E4823D393DF00AEDAF2 /* Release */,
			);
			defaultConfigurationIsVisible = 0;
			defaultConfigurationName = Release;
		};
/* End XCConfigurationList section */
	};
	rootObject = 1D236E2A23D393DE00AEDAF2 /* Project object */;
}
